
Microsoft Visual Studio Solution File, Format Version 12.00
# Visual Studio Version 17
VisualStudioVersion = 17.4.33213.308
MinimumVisualStudioVersion = 10.0.40219.1
Project("{9A19103F-16F7-4668-BE54-9A1E7A4F7556}") = "dotnet-api-test", "dotnet-api-test.csproj", "{CC855CD1-1F2D-444D-8EB2-4A19960752F2}"
EndProject
Global
	GlobalSection(SolutionConfigurationPlatforms) = preSolution
		Debug|Any CPU = Debug|Any CPU
		Release|Any CPU = Release|Any CPU
	EndGlobalSection
	GlobalSection(ProjectConfigurationPlatforms) = postSolution
		{CC855CD1-1F2D-444D-8EB2-4A19960752F2}.Debug|Any CPU.ActiveCfg = Debug|Any CPU
		{CC855CD1-1F2D-444D-8EB2-4A19960752F2}.Debug|Any CPU.Build.0 = Debug|Any CPU
		{CC855CD1-1F2D-444D-8EB2-4A19960752F2}.Release|Any CPU.ActiveCfg = Release|Any CPU
		{CC855CD1-1F2D-444D-8EB2-4A19960752F2}.Release|Any CPU.Build.0 = Release|Any CPU
	EndGlobalSection
	GlobalSection(SolutionProperties) = preSolution
		HideSolutionNode = FALSE
	EndGlobalSection
	GlobalSection(ExtensibilityGlobals) = postSolution
		SolutionGuid = {95C94794-CF78-464D-87CC-7F900A1DACCD}
	EndGlobalSection
EndGlobal
